
Microsoft Visual Studio Solution File, Format Version 12.00
# Visual Studio Version 17
VisualStudioVersion = 17.14.36301.6
MinimumVisualStudioVersion = 10.0.40219.1
Project("{FAE04EC0-301F-11D3-BF4B-00C04F79EFBC}") = "GetAHotel", "GetAHotel.csproj", "{DE1A1C2E-4D42-45BE-88C4-3F6979C5780B}"
EndProject
Global
	GlobalSection(SolutionConfigurationPlatforms) = preSolution
		Debug|Any CPU = Debug|Any CPU
		Release|Any CPU = Release|Any CPU
	EndGlobalSection
	GlobalSection(ProjectConfigurationPlatforms) = postSolution
		{DE1A1C2E-4D42-45BE-88C4-3F6979C5780B}.Debug|Any CPU.ActiveCfg = Debug|Any CPU
		{DE1A1C2E-4D42-45BE-88C4-3F6979C5780B}.Debug|Any CPU.Build.0 = Debug|Any CPU
		{DE1A1C2E-4D42-45BE-88C4-3F6979C5780B}.Release|Any CPU.ActiveCfg = Release|Any CPU
		{DE1A1C2E-4D42-45BE-88C4-3F6979C5780B}.Release|Any CPU.Build.0 = Release|Any CPU
	EndGlobalSection
	GlobalSection(SolutionProperties) = preSolution
		HideSolutionNode = FALSE
	EndGlobalSection
	GlobalSection(ExtensibilityGlobals) = postSolution
		SolutionGuid = {7316E2DE-A897-4F1B-9BA3-B90A5DF8B63A}
	EndGlobalSection
EndGlobal
